// !$*UTF8*$!
{
	archiveVersion = 1;
	classes = {
	};
	objectVersion = 46;
	objects = {

/* Begin PBXBuildFile section */
		C3202EE6182D5F9E00B8DDA3 /* Foundation.framework in Frameworks */ = {isa = PBXBuildFile; fileRef = C3202EE5182D5F9E00B8DDA3 /* Foundation.framework */; };
		C3202EE8182D5F9E00B8DDA3 /* CoreGraphics.framework in Frameworks */ = {isa = PBXBuildFile; fileRef = C3202EE7182D5F9E00B8DDA3 /* CoreGraphics.framework */; };
		C3202EEA182D5F9E00B8DDA3 /* UIKit.framework in Frameworks */ = {isa = PBXBuildFile; fileRef = C3202EE9182D5F9E00B8DDA3 /* UIKit.framework */; };
		C3202EF0182D5F9E00B8DDA3 /* InfoPlist.strings in Resources */ = {isa = PBXBuildFile; fileRef = C3202EEE182D5F9E00B8DDA3 /* InfoPlist.strings */; };
		C3202EF2182D5F9E00B8DDA3 /* main.m in Sources */ = {isa = PBXBuildFile; fileRef = C3202EF1182D5F9E00B8DDA3 /* main.m */; };
		C3202EF6182D5F9E00B8DDA3 /* cblitePerfAppDelegate.m in Sources */ = {isa = PBXBuildFile; fileRef = C3202EF5182D5F9E00B8DDA3 /* cblitePerfAppDelegate.m */; };
		C3202EF9182D5F9E00B8DDA3 /* Main.storyboard in Resources */ = {isa = PBXBuildFile; fileRef = C3202EF7182D5F9E00B8DDA3 /* Main.storyboard */; };
		C3202EFC182D5F9E00B8DDA3 /* cblitePerfViewController.m in Sources */ = {isa = PBXBuildFile; fileRef = C3202EFB182D5F9E00B8DDA3 /* cblitePerfViewController.m */; };
		C3202EFE182D5F9E00B8DDA3 /* Images.xcassets in Resources */ = {isa = PBXBuildFile; fileRef = C3202EFD182D5F9E00B8DDA3 /* Images.xcassets */; };
		C3202F05182D5F9E00B8DDA3 /* XCTest.framework in Frameworks */ = {isa = PBXBuildFile; fileRef = C3202F04182D5F9E00B8DDA3 /* XCTest.framework */; };
		C3202F06182D5F9E00B8DDA3 /* Foundation.framework in Frameworks */ = {isa = PBXBuildFile; fileRef = C3202EE5182D5F9E00B8DDA3 /* Foundation.framework */; };
		C3202F07182D5F9E00B8DDA3 /* UIKit.framework in Frameworks */ = {isa = PBXBuildFile; fileRef = C3202EE9182D5F9E00B8DDA3 /* UIKit.framework */; };
		C3202F0F182D5F9E00B8DDA3 /* InfoPlist.strings in Resources */ = {isa = PBXBuildFile; fileRef = C3202F0D182D5F9E00B8DDA3 /* InfoPlist.strings */; };
		C3202F11182D5F9E00B8DDA3 /* cbliteperfTests.m in Sources */ = {isa = PBXBuildFile; fileRef = C3202F10182D5F9E00B8DDA3 /* cbliteperfTests.m */; };
		C3202F1B182D5FB400B8DDA3 /* CouchbaseLite.framework in Frameworks */ = {isa = PBXBuildFile; fileRef = C3202F1A182D5FB400B8DDA3 /* CouchbaseLite.framework */; };
		C3202F1D182D5FEF00B8DDA3 /* CFNetwork.framework in Frameworks */ = {isa = PBXBuildFile; fileRef = C3202F1C182D5FEF00B8DDA3 /* CFNetwork.framework */; };
		C3202F1F182D5FFB00B8DDA3 /* Security.framework in Frameworks */ = {isa = PBXBuildFile; fileRef = C3202F1E182D5FFB00B8DDA3 /* Security.framework */; };
		C3202F21182D600400B8DDA3 /* SystemConfiguration.framework in Frameworks */ = {isa = PBXBuildFile; fileRef = C3202F20182D600300B8DDA3 /* SystemConfiguration.framework */; };
		C3202F23182D600C00B8DDA3 /* libsqlite3.dylib in Frameworks */ = {isa = PBXBuildFile; fileRef = C3202F22182D600C00B8DDA3 /* libsqlite3.dylib */; };
		C3202F25182D601400B8DDA3 /* libz.dylib in Frameworks */ = {isa = PBXBuildFile; fileRef = C3202F24182D601400B8DDA3 /* libz.dylib */; };
/* End PBXBuildFile section */

/* Begin PBXContainerItemProxy section */
		C3202F08182D5F9E00B8DDA3 /* PBXContainerItemProxy */ = {
			isa = PBXContainerItemProxy;
			containerPortal = C3202EDA182D5F9E00B8DDA3 /* Project object */;
			proxyType = 1;
			remoteGlobalIDString = C3202EE1182D5F9E00B8DDA3;
			remoteInfo = cbliteperf;
		};
/* End PBXContainerItemProxy section */

/* Begin PBXFileReference section */
		C3202EE2182D5F9E00B8DDA3 /* cbliteperf.app */ = {isa = PBXFileReference; explicitFileType = wrapper.application; includeInIndex = 0; path = cbliteperf.app; sourceTree = BUILT_PRODUCTS_DIR; };
		C3202EE5182D5F9E00B8DDA3 /* Foundation.framework */ = {isa = PBXFileReference; lastKnownFileType = wrapper.framework; name = Foundation.framework; path = System/Library/Frameworks/Foundation.framework; sourceTree = SDKROOT; };
		C3202EE7182D5F9E00B8DDA3 /* CoreGraphics.framework */ = {isa = PBXFileReference; lastKnownFileType = wrapper.framework; name = CoreGraphics.framework; path = System/Library/Frameworks/CoreGraphics.framework; sourceTree = SDKROOT; };
		C3202EE9182D5F9E00B8DDA3 /* UIKit.framework */ = {isa = PBXFileReference; lastKnownFileType = wrapper.framework; name = UIKit.framework; path = System/Library/Frameworks/UIKit.framework; sourceTree = SDKROOT; };
		C3202EED182D5F9E00B8DDA3 /* cbliteperf-Info.plist */ = {isa = PBXFileReference; lastKnownFileType = text.plist.xml; path = "cbliteperf-Info.plist"; sourceTree = "<group>"; };
		C3202EEF182D5F9E00B8DDA3 /* en */ = {isa = PBXFileReference; lastKnownFileType = text.plist.strings; name = en; path = en.lproj/InfoPlist.strings; sourceTree = "<group>"; };
		C3202EF1182D5F9E00B8DDA3 /* main.m */ = {isa = PBXFileReference; lastKnownFileType = sourcecode.c.objc; path = main.m; sourceTree = "<group>"; };
		C3202EF3182D5F9E00B8DDA3 /* cbliteperf-Prefix.pch */ = {isa = PBXFileReference; lastKnownFileType = sourcecode.c.h; path = "cbliteperf-Prefix.pch"; sourceTree = "<group>"; };
		C3202EF4182D5F9E00B8DDA3 /* cblitePerfAppDelegate.h */ = {isa = PBXFileReference; lastKnownFileType = sourcecode.c.h; path = cblitePerfAppDelegate.h; sourceTree = "<group>"; };
		C3202EF5182D5F9E00B8DDA3 /* cblitePerfAppDelegate.m */ = {isa = PBXFileReference; lastKnownFileType = sourcecode.c.objc; path = cblitePerfAppDelegate.m; sourceTree = "<group>"; };
		C3202EF8182D5F9E00B8DDA3 /* Base */ = {isa = PBXFileReference; lastKnownFileType = file.storyboard; name = Base; path = Base.lproj/Main.storyboard; sourceTree = "<group>"; };
		C3202EFA182D5F9E00B8DDA3 /* cblitePerfViewController.h */ = {isa = PBXFileReference; lastKnownFileType = sourcecode.c.h; path = cblitePerfViewController.h; sourceTree = "<group>"; };
		C3202EFB182D5F9E00B8DDA3 /* cblitePerfViewController.m */ = {isa = PBXFileReference; lastKnownFileType = sourcecode.c.objc; path = cblitePerfViewController.m; sourceTree = "<group>"; };
		C3202EFD182D5F9E00B8DDA3 /* Images.xcassets */ = {isa = PBXFileReference; lastKnownFileType = folder.assetcatalog; path = Images.xcassets; sourceTree = "<group>"; };
		C3202F03182D5F9E00B8DDA3 /* cbliteperfTests.xctest */ = {isa = PBXFileReference; explicitFileType = wrapper.cfbundle; includeInIndex = 0; path = cbliteperfTests.xctest; sourceTree = BUILT_PRODUCTS_DIR; };
		C3202F04182D5F9E00B8DDA3 /* XCTest.framework */ = {isa = PBXFileReference; lastKnownFileType = wrapper.framework; name = XCTest.framework; path = Library/Frameworks/XCTest.framework; sourceTree = DEVELOPER_DIR; };
		C3202F0C182D5F9E00B8DDA3 /* cbliteperfTests-Info.plist */ = {isa = PBXFileReference; lastKnownFileType = text.plist.xml; path = "cbliteperfTests-Info.plist"; sourceTree = "<group>"; };
		C3202F0E182D5F9E00B8DDA3 /* en */ = {isa = PBXFileReference; lastKnownFileType = text.plist.strings; name = en; path = en.lproj/InfoPlist.strings; sourceTree = "<group>"; };
		C3202F10182D5F9E00B8DDA3 /* cbliteperfTests.m */ = {isa = PBXFileReference; lastKnownFileType = sourcecode.c.objc; path = cbliteperfTests.m; sourceTree = "<group>"; };
		C3202F1A182D5FB400B8DDA3 /* CouchbaseLite.framework */ = {isa = PBXFileReference; lastKnownFileType = wrapper.framework; name = CouchbaseLite.framework; path = ../CouchbaseLite.framework; sourceTree = "<group>"; };
		C3202F1C182D5FEF00B8DDA3 /* CFNetwork.framework */ = {isa = PBXFileReference; lastKnownFileType = wrapper.framework; name = CFNetwork.framework; path = System/Library/Frameworks/CFNetwork.framework; sourceTree = SDKROOT; };
		C3202F1E182D5FFB00B8DDA3 /* Security.framework */ = {isa = PBXFileReference; lastKnownFileType = wrapper.framework; name = Security.framework; path = System/Library/Frameworks/Security.framework; sourceTree = SDKROOT; };
		C3202F20182D600300B8DDA3 /* SystemConfiguration.framework */ = {isa = PBXFileReference; lastKnownFileType = wrapper.framework; name = SystemConfiguration.framework; path = System/Library/Frameworks/SystemConfiguration.framework; sourceTree = SDKROOT; };
		C3202F22182D600C00B8DDA3 /* libsqlite3.dylib */ = {isa = PBXFileReference; lastKnownFileType = "compiled.mach-o.dylib"; name = libsqlite3.dylib; path = usr/lib/libsqlite3.dylib; sourceTree = SDKROOT; };
		C3202F24182D601400B8DDA3 /* libz.dylib */ = {isa = PBXFileReference; lastKnownFileType = "compiled.mach-o.dylib"; name = libz.dylib; path = usr/lib/libz.dylib; sourceTree = SDKROOT; };
/* End PBXFileReference section */

/* Begin PBXFrameworksBuildPhase section */
		C3202EDF182D5F9E00B8DDA3 /* Frameworks */ = {
			isa = PBXFrameworksBuildPhase;
			buildActionMask = 2147483647;
			files = (
				C3202F25182D601400B8DDA3 /* libz.dylib in Frameworks */,
				C3202F23182D600C00B8DDA3 /* libsqlite3.dylib in Frameworks */,
				C3202F21182D600400B8DDA3 /* SystemConfiguration.framework in Frameworks */,
				C3202F1F182D5FFB00B8DDA3 /* Security.framework in Frameworks */,
				C3202F1D182D5FEF00B8DDA3 /* CFNetwork.framework in Frameworks */,
				C3202EE8182D5F9E00B8DDA3 /* CoreGraphics.framework in Frameworks */,
				C3202EEA182D5F9E00B8DDA3 /* UIKit.framework in Frameworks */,
				C3202F1B182D5FB400B8DDA3 /* CouchbaseLite.framework in Frameworks */,
				C3202EE6182D5F9E00B8DDA3 /* Foundation.framework in Frameworks */,
			);
			runOnlyForDeploymentPostprocessing = 0;
		};
		C3202F00182D5F9E00B8DDA3 /* Frameworks */ = {
			isa = PBXFrameworksBuildPhase;
			buildActionMask = 2147483647;
			files = (
				C3202F05182D5F9E00B8DDA3 /* XCTest.framework in Frameworks */,
				C3202F07182D5F9E00B8DDA3 /* UIKit.framework in Frameworks */,
				C3202F06182D5F9E00B8DDA3 /* Foundation.framework in Frameworks */,
			);
			runOnlyForDeploymentPostprocessing = 0;
		};
/* End PBXFrameworksBuildPhase section */

/* Begin PBXGroup section */
		C3202ED9182D5F9E00B8DDA3 = {
			isa = PBXGroup;
			children = (
				C3202EEB182D5F9E00B8DDA3 /* cbliteperf */,
				C3202F0A182D5F9E00B8DDA3 /* cbliteperfTests */,
				C3202EE4182D5F9E00B8DDA3 /* Frameworks */,
				C3202EE3182D5F9E00B8DDA3 /* Products */,
			);
			sourceTree = "<group>";
		};
		C3202EE3182D5F9E00B8DDA3 /* Products */ = {
			isa = PBXGroup;
			children = (
				C3202EE2182D5F9E00B8DDA3 /* cbliteperf.app */,
				C3202F03182D5F9E00B8DDA3 /* cbliteperfTests.xctest */,
			);
			name = Products;
			sourceTree = "<group>";
		};
		C3202EE4182D5F9E00B8DDA3 /* Frameworks */ = {
			isa = PBXGroup;
			children = (
				C3202F24182D601400B8DDA3 /* libz.dylib */,
				C3202F22182D600C00B8DDA3 /* libsqlite3.dylib */,
				C3202F20182D600300B8DDA3 /* SystemConfiguration.framework */,
				C3202F1E182D5FFB00B8DDA3 /* Security.framework */,
				C3202F1C182D5FEF00B8DDA3 /* CFNetwork.framework */,
				C3202F1A182D5FB400B8DDA3 /* CouchbaseLite.framework */,
				C3202EE5182D5F9E00B8DDA3 /* Foundation.framework */,
				C3202EE7182D5F9E00B8DDA3 /* CoreGraphics.framework */,
				C3202EE9182D5F9E00B8DDA3 /* UIKit.framework */,
				C3202F04182D5F9E00B8DDA3 /* XCTest.framework */,
			);
			name = Frameworks;
			sourceTree = "<group>";
		};
		C3202EEB182D5F9E00B8DDA3 /* cbliteperf */ = {
			isa = PBXGroup;
			children = (
				C3202EF4182D5F9E00B8DDA3 /* cblitePerfAppDelegate.h */,
				C3202EF5182D5F9E00B8DDA3 /* cblitePerfAppDelegate.m */,
				C3202EF7182D5F9E00B8DDA3 /* Main.storyboard */,
				C3202EFA182D5F9E00B8DDA3 /* cblitePerfViewController.h */,
				C3202EFB182D5F9E00B8DDA3 /* cblitePerfViewController.m */,
				C3202EFD182D5F9E00B8DDA3 /* Images.xcassets */,
				C3202EEC182D5F9E00B8DDA3 /* Supporting Files */,
			);
			path = cbliteperf;
			sourceTree = "<group>";
		};
		C3202EEC182D5F9E00B8DDA3 /* Supporting Files */ = {
			isa = PBXGroup;
			children = (
				C3202EED182D5F9E00B8DDA3 /* cbliteperf-Info.plist */,
				C3202EEE182D5F9E00B8DDA3 /* InfoPlist.strings */,
				C3202EF1182D5F9E00B8DDA3 /* main.m */,
				C3202EF3182D5F9E00B8DDA3 /* cbliteperf-Prefix.pch */,
			);
			name = "Supporting Files";
			sourceTree = "<group>";
		};
		C3202F0A182D5F9E00B8DDA3 /* cbliteperfTests */ = {
			isa = PBXGroup;
			children = (
				C3202F10182D5F9E00B8DDA3 /* cbliteperfTests.m */,
				C3202F0B182D5F9E00B8DDA3 /* Supporting Files */,
			);
			path = cbliteperfTests;
			sourceTree = "<group>";
		};
		C3202F0B182D5F9E00B8DDA3 /* Supporting Files */ = {
			isa = PBXGroup;
			children = (
				C3202F0C182D5F9E00B8DDA3 /* cbliteperfTests-Info.plist */,
				C3202F0D182D5F9E00B8DDA3 /* InfoPlist.strings */,
			);
			name = "Supporting Files";
			sourceTree = "<group>";
		};
/* End PBXGroup section */

/* Begin PBXNativeTarget section */
		C3202EE1182D5F9E00B8DDA3 /* cbliteperf */ = {
			isa = PBXNativeTarget;
			buildConfigurationList = C3202F14182D5F9E00B8DDA3 /* Build configuration list for PBXNativeTarget "cbliteperf" */;
			buildPhases = (
				C3202EDE182D5F9E00B8DDA3 /* Sources */,
				C3202EDF182D5F9E00B8DDA3 /* Frameworks */,
				C3202EE0182D5F9E00B8DDA3 /* Resources */,
			);
			buildRules = (
			);
			dependencies = (
			);
			name = cbliteperf;
			productName = cbliteperf;
			productReference = C3202EE2182D5F9E00B8DDA3 /* cbliteperf.app */;
			productType = "com.apple.product-type.application";
		};
		C3202F02182D5F9E00B8DDA3 /* cbliteperfTests */ = {
			isa = PBXNativeTarget;
			buildConfigurationList = C3202F17182D5F9E00B8DDA3 /* Build configuration list for PBXNativeTarget "cbliteperfTests" */;
			buildPhases = (
				C3202EFF182D5F9E00B8DDA3 /* Sources */,
				C3202F00182D5F9E00B8DDA3 /* Frameworks */,
				C3202F01182D5F9E00B8DDA3 /* Resources */,
			);
			buildRules = (
			);
			dependencies = (
				C3202F09182D5F9E00B8DDA3 /* PBXTargetDependency */,
			);
			name = cbliteperfTests;
			productName = cbliteperfTests;
			productReference = C3202F03182D5F9E00B8DDA3 /* cbliteperfTests.xctest */;
			productType = "com.apple.product-type.bundle.unit-test";
		};
/* End PBXNativeTarget section */

/* Begin PBXProject section */
		C3202EDA182D5F9E00B8DDA3 /* Project object */ = {
			isa = PBXProject;
			attributes = {
				CLASSPREFIX = cblitePerf;
				LastUpgradeCheck = 0500;
				ORGANIZATIONNAME = Couchbase;
				TargetAttributes = {
					C3202F02182D5F9E00B8DDA3 = {
						TestTargetID = C3202EE1182D5F9E00B8DDA3;
					};
				};
			};
			buildConfigurationList = C3202EDD182D5F9E00B8DDA3 /* Build configuration list for PBXProject "cbliteperf" */;
			compatibilityVersion = "Xcode 3.2";
			developmentRegion = English;
			hasScannedForEncodings = 0;
			knownRegions = (
				en,
				Base,
			);
			mainGroup = C3202ED9182D5F9E00B8DDA3;
			productRefGroup = C3202EE3182D5F9E00B8DDA3 /* Products */;
			projectDirPath = "";
			projectRoot = "";
			targets = (
				C3202EE1182D5F9E00B8DDA3 /* cbliteperf */,
				C3202F02182D5F9E00B8DDA3 /* cbliteperfTests */,
			);
		};
/* End PBXProject section */

/* Begin PBXResourcesBuildPhase section */
		C3202EE0182D5F9E00B8DDA3 /* Resources */ = {
			isa = PBXResourcesBuildPhase;
			buildActionMask = 2147483647;
			files = (
				C3202EFE182D5F9E00B8DDA3 /* Images.xcassets in Resources */,
				C3202EF0182D5F9E00B8DDA3 /* InfoPlist.strings in Resources */,
				C3202EF9182D5F9E00B8DDA3 /* Main.storyboard in Resources */,
			);
			runOnlyForDeploymentPostprocessing = 0;
		};
		C3202F01182D5F9E00B8DDA3 /* Resources */ = {
			isa = PBXResourcesBuildPhase;
			buildActionMask = 2147483647;
			files = (
				C3202F0F182D5F9E00B8DDA3 /* InfoPlist.strings in Resources */,
			);
			runOnlyForDeploymentPostprocessing = 0;
		};
/* End PBXResourcesBuildPhase section */

/* Begin PBXSourcesBuildPhase section */
		C3202EDE182D5F9E00B8DDA3 /* Sources */ = {
			isa = PBXSourcesBuildPhase;
			buildActionMask = 2147483647;
			files = (
				C3202EF6182D5F9E00B8DDA3 /* cblitePerfAppDelegate.m in Sources */,
				C3202EF2182D5F9E00B8DDA3 /* main.m in Sources */,
				C3202EFC182D5F9E00B8DDA3 /* cblitePerfViewController.m in Sources */,
			);
			runOnlyForDeploymentPostprocessing = 0;
		};
		C3202EFF182D5F9E00B8DDA3 /* Sources */ = {
			isa = PBXSourcesBuildPhase;
			buildActionMask = 2147483647;
			files = (
				C3202F11182D5F9E00B8DDA3 /* cbliteperfTests.m in Sources */,
			);
			runOnlyForDeploymentPostprocessing = 0;
		};
/* End PBXSourcesBuildPhase section */

/* Begin PBXTargetDependency section */
		C3202F09182D5F9E00B8DDA3 /* PBXTargetDependency */ = {
			isa = PBXTargetDependency;
			target = C3202EE1182D5F9E00B8DDA3 /* cbliteperf */;
			targetProxy = C3202F08182D5F9E00B8DDA3 /* PBXContainerItemProxy */;
		};
/* End PBXTargetDependency section */

/* Begin PBXVariantGroup section */
		C3202EEE182D5F9E00B8DDA3 /* InfoPlist.strings */ = {
			isa = PBXVariantGroup;
			children = (
				C3202EEF182D5F9E00B8DDA3 /* en */,
			);
			name = InfoPlist.strings;
			sourceTree = "<group>";
		};
		C3202EF7182D5F9E00B8DDA3 /* Main.storyboard */ = {
			isa = PBXVariantGroup;
			children = (
				C3202EF8182D5F9E00B8DDA3 /* Base */,
			);
			name = Main.storyboard;
			sourceTree = "<group>";
		};
		C3202F0D182D5F9E00B8DDA3 /* InfoPlist.strings */ = {
			isa = PBXVariantGroup;
			children = (
				C3202F0E182D5F9E00B8DDA3 /* en */,
			);
			name = InfoPlist.strings;
			sourceTree = "<group>";
		};
/* End PBXVariantGroup section */

/* Begin XCBuildConfiguration section */
		C3202F12182D5F9E00B8DDA3 /* Debug */ = {
			isa = XCBuildConfiguration;
			buildSettings = {
				ALWAYS_SEARCH_USER_PATHS = NO;
				ARCHS = "$(ARCHS_STANDARD_INCLUDING_64_BIT)";
				CLANG_CXX_LANGUAGE_STANDARD = "gnu++0x";
				CLANG_CXX_LIBRARY = "libc++";
				CLANG_ENABLE_MODULES = YES;
				CLANG_ENABLE_OBJC_ARC = YES;
				CLANG_WARN_BOOL_CONVERSION = YES;
				CLANG_WARN_CONSTANT_CONVERSION = YES;
				CLANG_WARN_DIRECT_OBJC_ISA_USAGE = YES_ERROR;
				CLANG_WARN_EMPTY_BODY = YES;
				CLANG_WARN_ENUM_CONVERSION = YES;
				CLANG_WARN_INT_CONVERSION = YES;
				CLANG_WARN_OBJC_ROOT_CLASS = YES_ERROR;
				CLANG_WARN__DUPLICATE_METHOD_MATCH = YES;
				"CODE_SIGN_IDENTITY[sdk=iphoneos*]" = "iPhone Developer";
				COPY_PHASE_STRIP = NO;
				GCC_C_LANGUAGE_STANDARD = gnu99;
				GCC_DYNAMIC_NO_PIC = NO;
				GCC_OPTIMIZATION_LEVEL = 0;
				GCC_PREPROCESSOR_DEFINITIONS = (
					"DEBUG=1",
					"$(inherited)",
				);
				GCC_SYMBOLS_PRIVATE_EXTERN = NO;
				GCC_WARN_64_TO_32_BIT_CONVERSION = YES;
				GCC_WARN_ABOUT_RETURN_TYPE = YES_ERROR;
				GCC_WARN_UNDECLARED_SELECTOR = YES;
				GCC_WARN_UNINITIALIZED_AUTOS = YES;
				GCC_WARN_UNUSED_FUNCTION = YES;
				GCC_WARN_UNUSED_VARIABLE = YES;
				IPHONEOS_DEPLOYMENT_TARGET = 7.0;
				ONLY_ACTIVE_ARCH = YES;
				SDKROOT = iphoneos;
			};
			name = Debug;
		};
		C3202F13182D5F9E00B8DDA3 /* Release */ = {
			isa = XCBuildConfiguration;
			buildSettings = {
				ALWAYS_SEARCH_USER_PATHS = NO;
				ARCHS = "$(ARCHS_STANDARD_INCLUDING_64_BIT)";
				CLANG_CXX_LANGUAGE_STANDARD = "gnu++0x";
				CLANG_CXX_LIBRARY = "libc++";
				CLANG_ENABLE_MODULES = YES;
				CLANG_ENABLE_OBJC_ARC = YES;
				CLANG_WARN_BOOL_CONVERSION = YES;
				CLANG_WARN_CONSTANT_CONVERSION = YES;
				CLANG_WARN_DIRECT_OBJC_ISA_USAGE = YES_ERROR;
				CLANG_WARN_EMPTY_BODY = YES;
				CLANG_WARN_ENUM_CONVERSION = YES;
				CLANG_WARN_INT_CONVERSION = YES;
				CLANG_WARN_OBJC_ROOT_CLASS = YES_ERROR;
				CLANG_WARN__DUPLICATE_METHOD_MATCH = YES;
				"CODE_SIGN_IDENTITY[sdk=iphoneos*]" = "iPhone Developer";
				COPY_PHASE_STRIP = YES;
				ENABLE_NS_ASSERTIONS = NO;
				GCC_C_LANGUAGE_STANDARD = gnu99;
				GCC_WARN_64_TO_32_BIT_CONVERSION = YES;
				GCC_WARN_ABOUT_RETURN_TYPE = YES_ERROR;
				GCC_WARN_UNDECLARED_SELECTOR = YES;
				GCC_WARN_UNINITIALIZED_AUTOS = YES;
				GCC_WARN_UNUSED_FUNCTION = YES;
				GCC_WARN_UNUSED_VARIABLE = YES;
				IPHONEOS_DEPLOYMENT_TARGET = 7.0;
				SDKROOT = iphoneos;
				VALIDATE_PRODUCT = YES;
			};
			name = Release;
		};
		C3202F15182D5F9E00B8DDA3 /* Debug */ = {
			isa = XCBuildConfiguration;
			buildSettings = {
				ASSETCATALOG_COMPILER_APPICON_NAME = AppIcon;
				ASSETCATALOG_COMPILER_LAUNCHIMAGE_NAME = LaunchImage;
				FRAMEWORK_SEARCH_PATHS = (
					"$(inherited)",
					/Users/tmcafee/sandbox,
				);
				GCC_PRECOMPILE_PREFIX_HEADER = YES;
				GCC_PREFIX_HEADER = "cbliteperf/cbliteperf-Prefix.pch";
				INFOPLIST_FILE = "cbliteperf/cbliteperf-Info.plist";
				OTHER_LDFLAGS = "-ObjC";
				PRODUCT_NAME = "$(TARGET_NAME)";
				WRAPPER_EXTENSION = app;
			};
			name = Debug;
		};
		C3202F16182D5F9E00B8DDA3 /* Release */ = {
			isa = XCBuildConfiguration;
			buildSettings = {
				ASSETCATALOG_COMPILER_APPICON_NAME = AppIcon;
				ASSETCATALOG_COMPILER_LAUNCHIMAGE_NAME = LaunchImage;
				FRAMEWORK_SEARCH_PATHS = (
					"$(inherited)",
					/Users/tmcafee/sandbox,
				);
				GCC_PRECOMPILE_PREFIX_HEADER = YES;
				GCC_PREFIX_HEADER = "cbliteperf/cbliteperf-Prefix.pch";
				INFOPLIST_FILE = "cbliteperf/cbliteperf-Info.plist";
				OTHER_LDFLAGS = "-ObjC";
				PRODUCT_NAME = "$(TARGET_NAME)";
				WRAPPER_EXTENSION = app;
			};
			name = Release;
		};
		C3202F18182D5F9E00B8DDA3 /* Debug */ = {
			isa = XCBuildConfiguration;
			buildSettings = {
				ARCHS = "$(ARCHS_STANDARD_INCLUDING_64_BIT)";
				BUNDLE_LOADER = "$(BUILT_PRODUCTS_DIR)/cbliteperf.app/cbliteperf";
				FRAMEWORK_SEARCH_PATHS = (
					"$(SDKROOT)/Developer/Library/Frameworks",
					"$(inherited)",
					"$(DEVELOPER_FRAMEWORKS_DIR)",
				);
				GCC_PRECOMPILE_PREFIX_HEADER = YES;
				GCC_PREFIX_HEADER = "cbliteperf/cbliteperf-Prefix.pch";
				GCC_PREPROCESSOR_DEFINITIONS = (
					"DEBUG=1",
					"$(inherited)",
				);
				INFOPLIST_FILE = "cbliteperfTests/cbliteperfTests-Info.plist";
				PRODUCT_NAME = "$(TARGET_NAME)";
				TEST_HOST = "$(BUNDLE_LOADER)";
				WRAPPER_EXTENSION = xctest;
			};
			name = Debug;
		};
		C3202F19182D5F9E00B8DDA3 /* Release */ = {
			isa = XCBuildConfiguration;
			buildSettings = {
				ARCHS = "$(ARCHS_STANDARD_INCLUDING_64_BIT)";
				BUNDLE_LOADER = "$(BUILT_PRODUCTS_DIR)/cbliteperf.app/cbliteperf";
				FRAMEWORK_SEARCH_PATHS = (
					"$(SDKROOT)/Developer/Library/Frameworks",
					"$(inherited)",
					"$(DEVELOPER_FRAMEWORKS_DIR)",
				);
				GCC_PRECOMPILE_PREFIX_HEADER = YES;
				GCC_PREFIX_HEADER = "cbliteperf/cbliteperf-Prefix.pch";
				INFOPLIST_FILE = "cbliteperfTests/cbliteperfTests-Info.plist";
				PRODUCT_NAME = "$(TARGET_NAME)";
				TEST_HOST = "$(BUNDLE_LOADER)";
				WRAPPER_EXTENSION = xctest;
			};
			name = Release;
		};
/* End XCBuildConfiguration section */

/* Begin XCConfigurationList section */
		C3202EDD182D5F9E00B8DDA3 /* Build configuration list for PBXProject "cbliteperf" */ = {
			isa = XCConfigurationList;
			buildConfigurations = (
				C3202F12182D5F9E00B8DDA3 /* Debug */,
				C3202F13182D5F9E00B8DDA3 /* Release */,
			);
			defaultConfigurationIsVisible = 0;
			defaultConfigurationName = Release;
		};
		C3202F14182D5F9E00B8DDA3 /* Build configuration list for PBXNativeTarget "cbliteperf" */ = {
			isa = XCConfigurationList;
			buildConfigurations = (
				C3202F15182D5F9E00B8DDA3 /* Debug */,
				C3202F16182D5F9E00B8DDA3 /* Release */,
			);
			defaultConfigurationIsVisible = 0;
		};
		C3202F17182D5F9E00B8DDA3 /* Build configuration list for PBXNativeTarget "cbliteperfTests" */ = {
			isa = XCConfigurationList;
			buildConfigurations = (
				C3202F18182D5F9E00B8DDA3 /* Debug */,
				C3202F19182D5F9E00B8DDA3 /* Release */,
			);
			defaultConfigurationIsVisible = 0;
		};
/* End XCConfigurationList section */
	};
	rootObject = C3202EDA182D5F9E00B8DDA3 /* Project object */;
}
